// !$*UTF8*$!
{
	archiveVersion = 1;
	classes = {
	};
	objectVersion = 55;
	objects = {

/* Begin PBXBuildFile section */
		4C64A37226F9212000BEE234 /* PINEntry.swift in Sources */ = {isa = PBXBuildFile; fileRef = 4C64A37126F9212000BEE234 /* PINEntry.swift */; };
		4C64A37426F9226C00BEE234 /* Home.swift in Sources */ = {isa = PBXBuildFile; fileRef = 4C64A37326F9226C00BEE234 /* Home.swift */; };
		4C6B28EB26F6AFE100ABC502 /* MessageXApp.swift in Sources */ = {isa = PBXBuildFile; fileRef = 4C6B28EA26F6AFE100ABC502 /* MessageXApp.swift */; };
		4C6B28ED26F6AFE100ABC502 /* ContentView.swift in Sources */ = {isa = PBXBuildFile; fileRef = 4C6B28EC26F6AFE100ABC502 /* ContentView.swift */; };
		4C6B28EF26F6AFE500ABC502 /* Assets.xcassets in Resources */ = {isa = PBXBuildFile; fileRef = 4C6B28EE26F6AFE500ABC502 /* Assets.xcassets */; };
		4C6B28F226F6AFE500ABC502 /* Preview Assets.xcassets in Resources */ = {isa = PBXBuildFile; fileRef = 4C6B28F126F6AFE500ABC502 /* Preview Assets.xcassets */; };
		4C6B28FC26F6AFE500ABC502 /* MessageXTests.swift in Sources */ = {isa = PBXBuildFile; fileRef = 4C6B28FB26F6AFE500ABC502 /* MessageXTests.swift */; };
		4C6B290626F6AFE500ABC502 /* MessageXUITests.swift in Sources */ = {isa = PBXBuildFile; fileRef = 4C6B290526F6AFE500ABC502 /* MessageXUITests.swift */; };
		4C6B290826F6AFE500ABC502 /* MessageXUITestsLaunchTests.swift in Sources */ = {isa = PBXBuildFile; fileRef = 4C6B290726F6AFE500ABC502 /* MessageXUITestsLaunchTests.swift */; };
		4C6B291726F7E7F000ABC502 /* Passkey in Resources */ = {isa = PBXBuildFile; fileRef = 4C6B291626F7E7F000ABC502 /* Passkey */; };
/* End PBXBuildFile section */

/* Begin PBXContainerItemProxy section */
		4C6B28F826F6AFE500ABC502 /* PBXContainerItemProxy */ = {
			isa = PBXContainerItemProxy;
			containerPortal = 4C6B28DF26F6AFE100ABC502 /* Project object */;
			proxyType = 1;
			remoteGlobalIDString = 4C6B28E626F6AFE100ABC502;
			remoteInfo = MessageX;
		};
		4C6B290226F6AFE500ABC502 /* PBXContainerItemProxy */ = {
			isa = PBXContainerItemProxy;
			containerPortal = 4C6B28DF26F6AFE100ABC502 /* Project object */;
			proxyType = 1;
			remoteGlobalIDString = 4C6B28E626F6AFE100ABC502;
			remoteInfo = MessageX;
		};
/* End PBXContainerItemProxy section */

/* Begin PBXFileReference section */
		4C64A37026F8F16200BEE234 /* Info.plist */ = {isa = PBXFileReference; lastKnownFileType = text.plist; path = Info.plist; sourceTree = "<group>"; };
		4C64A37126F9212000BEE234 /* PINEntry.swift */ = {isa = PBXFileReference; lastKnownFileType = sourcecode.swift; path = PINEntry.swift; sourceTree = "<group>"; };
		4C64A37326F9226C00BEE234 /* Home.swift */ = {isa = PBXFileReference; lastKnownFileType = sourcecode.swift; path = Home.swift; sourceTree = "<group>"; };
		4C6B28E726F6AFE100ABC502 /* ConnectX.app */ = {isa = PBXFileReference; explicitFileType = wrapper.application; includeInIndex = 0; path = ConnectX.app; sourceTree = BUILT_PRODUCTS_DIR; };
		4C6B28EA26F6AFE100ABC502 /* MessageXApp.swift */ = {isa = PBXFileReference; lastKnownFileType = sourcecode.swift; path = MessageXApp.swift; sourceTree = "<group>"; };
		4C6B28EC26F6AFE100ABC502 /* ContentView.swift */ = {isa = PBXFileReference; lastKnownFileType = sourcecode.swift; path = ContentView.swift; sourceTree = "<group>"; };
		4C6B28EE26F6AFE500ABC502 /* Assets.xcassets */ = {isa = PBXFileReference; lastKnownFileType = folder.assetcatalog; path = Assets.xcassets; sourceTree = "<group>"; };
		4C6B28F126F6AFE500ABC502 /* Preview Assets.xcassets */ = {isa = PBXFileReference; lastKnownFileType = folder.assetcatalog; path = "Preview Assets.xcassets"; sourceTree = "<group>"; };
		4C6B28F726F6AFE500ABC502 /* ConnectXTests.xctest */ = {isa = PBXFileReference; explicitFileType = wrapper.cfbundle; includeInIndex = 0; path = ConnectXTests.xctest; sourceTree = BUILT_PRODUCTS_DIR; };
		4C6B28FB26F6AFE500ABC502 /* MessageXTests.swift */ = {isa = PBXFileReference; lastKnownFileType = sourcecode.swift; path = MessageXTests.swift; sourceTree = "<group>"; };
		4C6B290126F6AFE500ABC502 /* ConnectXUITests.xctest */ = {isa = PBXFileReference; explicitFileType = wrapper.cfbundle; includeInIndex = 0; path = ConnectXUITests.xctest; sourceTree = BUILT_PRODUCTS_DIR; };
		4C6B290526F6AFE500ABC502 /* MessageXUITests.swift */ = {isa = PBXFileReference; lastKnownFileType = sourcecode.swift; path = MessageXUITests.swift; sourceTree = "<group>"; };
		4C6B290726F6AFE500ABC502 /* MessageXUITestsLaunchTests.swift */ = {isa = PBXFileReference; lastKnownFileType = sourcecode.swift; path = MessageXUITestsLaunchTests.swift; sourceTree = "<group>"; };
		4C6B291626F7E7F000ABC502 /* Passkey */ = {isa = PBXFileReference; lastKnownFileType = folder; path = Passkey; sourceTree = "<group>"; };
/* End PBXFileReference section */

/* Begin PBXFrameworksBuildPhase section */
		4C6B28E426F6AFE100ABC502 /* Frameworks */ = {
			isa = PBXFrameworksBuildPhase;
			buildActionMask = 2147483647;
			files = (
			);
			runOnlyForDeploymentPostprocessing = 0;
		};
		4C6B28F426F6AFE500ABC502 /* Frameworks */ = {
			isa = PBXFrameworksBuildPhase;
			buildActionMask = 2147483647;
			files = (
			);
			runOnlyForDeploymentPostprocessing = 0;
		};
		4C6B28FE26F6AFE500ABC502 /* Frameworks */ = {
			isa = PBXFrameworksBuildPhase;
			buildActionMask = 2147483647;
			files = (
			);
			runOnlyForDeploymentPostprocessing = 0;
		};
/* End PBXFrameworksBuildPhase section */

/* Begin PBXGroup section */
		4C6B28DE26F6AFE100ABC502 = {
			isa = PBXGroup;
			children = (
				4C6B28E926F6AFE100ABC502 /* MessageX */,
				4C6B28FA26F6AFE500ABC502 /* MessageXTests */,
				4C6B290426F6AFE500ABC502 /* MessageXUITests */,
				4C6B28E826F6AFE100ABC502 /* Products */,
			);
			sourceTree = "<group>";
		};
		4C6B28E826F6AFE100ABC502 /* Products */ = {
			isa = PBXGroup;
			children = (
				4C6B28E726F6AFE100ABC502 /* ConnectX.app */,
				4C6B28F726F6AFE500ABC502 /* ConnectXTests.xctest */,
				4C6B290126F6AFE500ABC502 /* ConnectXUITests.xctest */,
			);
			name = Products;
			sourceTree = "<group>";
		};
		4C6B28E926F6AFE100ABC502 /* MessageX */ = {
			isa = PBXGroup;
			children = (
				4C64A37026F8F16200BEE234 /* Info.plist */,
				4C6B28EA26F6AFE100ABC502 /* MessageXApp.swift */,
				4C6B28EC26F6AFE100ABC502 /* ContentView.swift */,
				4C6B28EE26F6AFE500ABC502 /* Assets.xcassets */,
				4C6B291626F7E7F000ABC502 /* Passkey */,
				4C6B28F026F6AFE500ABC502 /* Preview Content */,
				4C64A37126F9212000BEE234 /* PINEntry.swift */,
				4C64A37326F9226C00BEE234 /* Home.swift */,
			);
			path = MessageX;
			sourceTree = "<group>";
		};
		4C6B28F026F6AFE500ABC502 /* Preview Content */ = {
			isa = PBXGroup;
			children = (
				4C6B28F126F6AFE500ABC502 /* Preview Assets.xcassets */,
			);
			path = "Preview Content";
			sourceTree = "<group>";
		};
		4C6B28FA26F6AFE500ABC502 /* MessageXTests */ = {
			isa = PBXGroup;
			children = (
				4C6B28FB26F6AFE500ABC502 /* MessageXTests.swift */,
			);
			path = MessageXTests;
			sourceTree = "<group>";
		};
		4C6B290426F6AFE500ABC502 /* MessageXUITests */ = {
			isa = PBXGroup;
			children = (
				4C6B290526F6AFE500ABC502 /* MessageXUITests.swift */,
				4C6B290726F6AFE500ABC502 /* MessageXUITestsLaunchTests.swift */,
			);
			path = MessageXUITests;
			sourceTree = "<group>";
		};
/* End PBXGroup section */

/* Begin PBXNativeTarget section */
		4C6B28E626F6AFE100ABC502 /* ConnectX */ = {
			isa = PBXNativeTarget;
			buildConfigurationList = 4C6B290B26F6AFE500ABC502 /* Build configuration list for PBXNativeTarget "ConnectX" */;
			buildPhases = (
				4C6B28E326F6AFE100ABC502 /* Sources */,
				4C6B28E426F6AFE100ABC502 /* Frameworks */,
				4C6B28E526F6AFE100ABC502 /* Resources */,
			);
			buildRules = (
			);
			dependencies = (
			);
			name = ConnectX;
			productName = MessageX;
			productReference = 4C6B28E726F6AFE100ABC502 /* ConnectX.app */;
			productType = "com.apple.product-type.application";
		};
		4C6B28F626F6AFE500ABC502 /* ConnectXTests */ = {
			isa = PBXNativeTarget;
			buildConfigurationList = 4C6B290E26F6AFE500ABC502 /* Build configuration list for PBXNativeTarget "ConnectXTests" */;
			buildPhases = (
				4C6B28F326F6AFE500ABC502 /* Sources */,
				4C6B28F426F6AFE500ABC502 /* Frameworks */,
				4C6B28F526F6AFE500ABC502 /* Resources */,
			);
			buildRules = (
			);
			dependencies = (
				4C6B28F926F6AFE500ABC502 /* PBXTargetDependency */,
			);
			name = ConnectXTests;
			productName = MessageXTests;
			productReference = 4C6B28F726F6AFE500ABC502 /* ConnectXTests.xctest */;
			productType = "com.apple.product-type.bundle.unit-test";
		};
		4C6B290026F6AFE500ABC502 /* ConnectXUITests */ = {
			isa = PBXNativeTarget;
			buildConfigurationList = 4C6B291126F6AFE500ABC502 /* Build configuration list for PBXNativeTarget "ConnectXUITests" */;
			buildPhases = (
				4C6B28FD26F6AFE500ABC502 /* Sources */,
				4C6B28FE26F6AFE500ABC502 /* Frameworks */,
				4C6B28FF26F6AFE500ABC502 /* Resources */,
			);
			buildRules = (
			);
			dependencies = (
				4C6B290326F6AFE500ABC502 /* PBXTargetDependency */,
			);
			name = ConnectXUITests;
			productName = MessageXUITests;
			productReference = 4C6B290126F6AFE500ABC502 /* ConnectXUITests.xctest */;
			productType = "com.apple.product-type.bundle.ui-testing";
		};
/* End PBXNativeTarget section */

/* Begin PBXProject section */
		4C6B28DF26F6AFE100ABC502 /* Project object */ = {
			isa = PBXProject;
			attributes = {
				BuildIndependentTargetsInParallel = 1;
				LastSwiftUpdateCheck = 1300;
				LastUpgradeCheck = 1300;
				TargetAttributes = {
					4C6B28E626F6AFE100ABC502 = {
						CreatedOnToolsVersion = 13.0;
					};
					4C6B28F626F6AFE500ABC502 = {
						CreatedOnToolsVersion = 13.0;
						TestTargetID = 4C6B28E626F6AFE100ABC502;
					};
					4C6B290026F6AFE500ABC502 = {
						CreatedOnToolsVersion = 13.0;
						TestTargetID = 4C6B28E626F6AFE100ABC502;
					};
				};
			};
			buildConfigurationList = 4C6B28E226F6AFE100ABC502 /* Build configuration list for PBXProject "ConnectX" */;
			compatibilityVersion = "Xcode 13.0";
			developmentRegion = en;
			hasScannedForEncodings = 0;
			knownRegions = (
				en,
				Base,
			);
			mainGroup = 4C6B28DE26F6AFE100ABC502;
			productRefGroup = 4C6B28E826F6AFE100ABC502 /* Products */;
			projectDirPath = "";
			projectRoot = "";
			targets = (
				4C6B28E626F6AFE100ABC502 /* ConnectX */,
				4C6B28F626F6AFE500ABC502 /* ConnectXTests */,
				4C6B290026F6AFE500ABC502 /* ConnectXUITests */,
			);
		};
/* End PBXProject section */

/* Begin PBXResourcesBuildPhase section */
		4C6B28E526F6AFE100ABC502 /* Resources */ = {
			isa = PBXResourcesBuildPhase;
			buildActionMask = 2147483647;
			files = (
				4C6B291726F7E7F000ABC502 /* Passkey in Resources */,
				4C6B28F226F6AFE500ABC502 /* Preview Assets.xcassets in Resources */,
				4C6B28EF26F6AFE500ABC502 /* Assets.xcassets in Resources */,
			);
			runOnlyForDeploymentPostprocessing = 0;
		};
		4C6B28F526F6AFE500ABC502 /* Resources */ = {
			isa = PBXResourcesBuildPhase;
			buildActionMask = 2147483647;
			files = (
			);
			runOnlyForDeploymentPostprocessing = 0;
		};
		4C6B28FF26F6AFE500ABC502 /* Resources */ = {
			isa = PBXResourcesBuildPhase;
			buildActionMask = 2147483647;
			files = (
			);
			runOnlyForDeploymentPostprocessing = 0;
		};
/* End PBXResourcesBuildPhase section */

/* Begin PBXSourcesBuildPhase section */
		4C6B28E326F6AFE100ABC502 /* Sources */ = {
			isa = PBXSourcesBuildPhase;
			buildActionMask = 2147483647;
			files = (
				4C6B28ED26F6AFE100ABC502 /* ContentView.swift in Sources */,
				4C64A37426F9226C00BEE234 /* Home.swift in Sources */,
				4C64A37226F9212000BEE234 /* PINEntry.swift in Sources */,
				4C6B28EB26F6AFE100ABC502 /* MessageXApp.swift in Sources */,
			);
			runOnlyForDeploymentPostprocessing = 0;
		};
		4C6B28F326F6AFE500ABC502 /* Sources */ = {
			isa = PBXSourcesBuildPhase;
			buildActionMask = 2147483647;
			files = (
				4C6B28FC26F6AFE500ABC502 /* MessageXTests.swift in Sources */,
			);
			runOnlyForDeploymentPostprocessing = 0;
		};
		4C6B28FD26F6AFE500ABC502 /* Sources */ = {
			isa = PBXSourcesBuildPhase;
			buildActionMask = 2147483647;
			files = (
				4C6B290826F6AFE500ABC502 /* MessageXUITestsLaunchTests.swift in Sources */,
				4C6B290626F6AFE500ABC502 /* MessageXUITests.swift in Sources */,
			);
			runOnlyForDeploymentPostprocessing = 0;
		};
/* End PBXSourcesBuildPhase section */

/* Begin PBXTargetDependency section */
		4C6B28F926F6AFE500ABC502 /* PBXTargetDependency */ = {
			isa = PBXTargetDependency;
			target = 4C6B28E626F6AFE100ABC502 /* ConnectX */;
			targetProxy = 4C6B28F826F6AFE500ABC502 /* PBXContainerItemProxy */;
		};
		4C6B290326F6AFE500ABC502 /* PBXTargetDependency */ = {
			isa = PBXTargetDependency;
			target = 4C6B28E626F6AFE100ABC502 /* ConnectX */;
			targetProxy = 4C6B290226F6AFE500ABC502 /* PBXContainerItemProxy */;
		};
/* End PBXTargetDependency section */

/* Begin XCBuildConfiguration section */
		4C6B290926F6AFE500ABC502 /* Debug */ = {
			isa = XCBuildConfiguration;
			buildSettings = {
				ALWAYS_SEARCH_USER_PATHS = NO;
				CLANG_ANALYZER_NONNULL = YES;
				CLANG_ANALYZER_NUMBER_OBJECT_CONVERSION = YES_AGGRESSIVE;
				CLANG_CXX_LANGUAGE_STANDARD = "gnu++17";
				CLANG_CXX_LIBRARY = "libc++";
				CLANG_ENABLE_MODULES = YES;
				CLANG_ENABLE_OBJC_ARC = YES;
				CLANG_ENABLE_OBJC_WEAK = YES;
				CLANG_WARN_BLOCK_CAPTURE_AUTORELEASING = YES;
				CLANG_WARN_BOOL_CONVERSION = YES;
				CLANG_WARN_COMMA = YES;
				CLANG_WARN_CONSTANT_CONVERSION = YES;
				CLANG_WARN_DEPRECATED_OBJC_IMPLEMENTATIONS = YES;
				CLANG_WARN_DIRECT_OBJC_ISA_USAGE = YES_ERROR;
				CLANG_WARN_DOCUMENTATION_COMMENTS = YES;
				CLANG_WARN_EMPTY_BODY = YES;
				CLANG_WARN_ENUM_CONVERSION = YES;
				CLANG_WARN_INFINITE_RECURSION = YES;
				CLANG_WARN_INT_CONVERSION = YES;
				CLANG_WARN_NON_LITERAL_NULL_CONVERSION = YES;
				CLANG_WARN_OBJC_IMPLICIT_RETAIN_SELF = YES;
				CLANG_WARN_OBJC_LITERAL_CONVERSION = YES;
				CLANG_WARN_OBJC_ROOT_CLASS = YES_ERROR;
				CLANG_WARN_QUOTED_INCLUDE_IN_FRAMEWORK_HEADER = YES;
				CLANG_WARN_RANGE_LOOP_ANALYSIS = YES;
				CLANG_WARN_STRICT_PROTOTYPES = YES;
				CLANG_WARN_SUSPICIOUS_MOVE = YES;
				CLANG_WARN_UNGUARDED_AVAILABILITY = YES_AGGRESSIVE;
				CLANG_WARN_UNREACHABLE_CODE = YES;
				CLANG_WARN__DUPLICATE_METHOD_MATCH = YES;
				COPY_PHASE_STRIP = NO;
				DEBUG_INFORMATION_FORMAT = dwarf;
				ENABLE_STRICT_OBJC_MSGSEND = YES;
				ENABLE_TESTABILITY = YES;
				GCC_C_LANGUAGE_STANDARD = gnu11;
				GCC_DYNAMIC_NO_PIC = NO;
				GCC_NO_COMMON_BLOCKS = YES;
				GCC_OPTIMIZATION_LEVEL = 0;
				GCC_PREPROCESSOR_DEFINITIONS = (
					"DEBUG=1",
					"$(inherited)",
				);
				GCC_WARN_64_TO_32_BIT_CONVERSION = YES;
				GCC_WARN_ABOUT_RETURN_TYPE = YES_ERROR;
				GCC_WARN_UNDECLARED_SELECTOR = YES;
				GCC_WARN_UNINITIALIZED_AUTOS = YES_AGGRESSIVE;
				GCC_WARN_UNUSED_FUNCTION = YES;
				GCC_WARN_UNUSED_VARIABLE = YES;
				IPHONEOS_DEPLOYMENT_TARGET = 15.0;
				MTL_ENABLE_DEBUG_INFO = INCLUDE_SOURCE;
				MTL_FAST_MATH = YES;
				ONLY_ACTIVE_ARCH = YES;
				SDKROOT = iphoneos;
				SWIFT_ACTIVE_COMPILATION_CONDITIONS = DEBUG;
				SWIFT_OPTIMIZATION_LEVEL = "-Onone";
			};
			name = Debug;
		};
		4C6B290A26F6AFE500ABC502 /* Release */ = {
			isa = XCBuildConfiguration;
			buildSettings = {
				ALWAYS_SEARCH_USER_PATHS = NO;
				CLANG_ANALYZER_NONNULL = YES;
				CLANG_ANALYZER_NUMBER_OBJECT_CONVERSION = YES_AGGRESSIVE;
				CLANG_CXX_LANGUAGE_STANDARD = "gnu++17";
				CLANG_CXX_LIBRARY = "libc++";
				CLANG_ENABLE_MODULES = YES;
				CLANG_ENABLE_OBJC_ARC = YES;
				CLANG_ENABLE_OBJC_WEAK = YES;
				CLANG_WARN_BLOCK_CAPTURE_AUTORELEASING = YES;
				CLANG_WARN_BOOL_CONVERSION = YES;
				CLANG_WARN_COMMA = YES;
				CLANG_WARN_CONSTANT_CONVERSION = YES;
				CLANG_WARN_DEPRECATED_OBJC_IMPLEMENTATIONS = YES;
				CLANG_WARN_DIRECT_OBJC_ISA_USAGE = YES_ERROR;
				CLANG_WARN_DOCUMENTATION_COMMENTS = YES;
				CLANG_WARN_EMPTY_BODY = YES;
				CLANG_WARN_ENUM_CONVERSION = YES;
				CLANG_WARN_INFINITE_RECURSION = YES;
				CLANG_WARN_INT_CONVERSION = YES;
				CLANG_WARN_NON_LITERAL_NULL_CONVERSION = YES;
				CLANG_WARN_OBJC_IMPLICIT_RETAIN_SELF = YES;
				CLANG_WARN_OBJC_LITERAL_CONVERSION = YES;
				CLANG_WARN_OBJC_ROOT_CLASS = YES_ERROR;
				CLANG_WARN_QUOTED_INCLUDE_IN_FRAMEWORK_HEADER = YES;
				CLANG_WARN_RANGE_LOOP_ANALYSIS = YES;
				CLANG_WARN_STRICT_PROTOTYPES = YES;
				CLANG_WARN_SUSPICIOUS_MOVE = YES;
				CLANG_WARN_UNGUARDED_AVAILABILITY = YES_AGGRESSIVE;
				CLANG_WARN_UNREACHABLE_CODE = YES;
				CLANG_WARN__DUPLICATE_METHOD_MATCH = YES;
				COPY_PHASE_STRIP = NO;
				DEBUG_INFORMATION_FORMAT = "dwarf-with-dsym";
				ENABLE_NS_ASSERTIONS = NO;
				ENABLE_STRICT_OBJC_MSGSEND = YES;
				GCC_C_LANGUAGE_STANDARD = gnu11;
				GCC_NO_COMMON_BLOCKS = YES;
				GCC_WARN_64_TO_32_BIT_CONVERSION = YES;
				GCC_WARN_ABOUT_RETURN_TYPE = YES_ERROR;
				GCC_WARN_UNDECLARED_SELECTOR = YES;
				GCC_WARN_UNINITIALIZED_AUTOS = YES_AGGRESSIVE;
				GCC_WARN_UNUSED_FUNCTION = YES;
				GCC_WARN_UNUSED_VARIABLE = YES;
				IPHONEOS_DEPLOYMENT_TARGET = 15.0;
				MTL_ENABLE_DEBUG_INFO = NO;
				MTL_FAST_MATH = YES;
				SDKROOT = iphoneos;
				SWIFT_COMPILATION_MODE = wholemodule;
				SWIFT_OPTIMIZATION_LEVEL = "-O";
				VALIDATE_PRODUCT = YES;
			};
			name = Release;
		};
		4C6B290C26F6AFE500ABC502 /* Debug */ = {
			isa = XCBuildConfiguration;
			buildSettings = {
				ASSETCATALOG_COMPILER_APPICON_NAME = AppIcon;
				ASSETCATALOG_COMPILER_GLOBAL_ACCENT_COLOR_NAME = AccentColor;
				CODE_SIGN_STYLE = Automatic;
				CURRENT_PROJECT_VERSION = 1;
				DEVELOPMENT_ASSET_PATHS = "\"MessageX/Preview Content\"";
				ENABLE_PREVIEWS = YES;
				GENERATE_INFOPLIST_FILE = YES;
				INFOPLIST_FILE = MessageX/Info.plist;
				INFOPLIST_KEY_CFBundleDisplayName = ConnectX;
				INFOPLIST_KEY_UIApplicationSceneManifest_Generation = YES;
				INFOPLIST_KEY_UIApplicationSupportsIndirectInputEvents = YES;
				INFOPLIST_KEY_UILaunchScreen_Generation = YES;
				INFOPLIST_KEY_UISupportedInterfaceOrientations = UIInterfaceOrientationPortrait;
				INFOPLIST_KEY_UISupportedInterfaceOrientations_iPad = "UIInterfaceOrientationPortrait UIInterfaceOrientationPortraitUpsideDown UIInterfaceOrientationLandscapeLeft UIInterfaceOrientationLandscapeRight";
				INFOPLIST_KEY_UISupportedInterfaceOrientations_iPhone = "UIInterfaceOrientationPortrait UIInterfaceOrientationLandscapeLeft UIInterfaceOrientationLandscapeRight";
				IPHONEOS_DEPLOYMENT_TARGET = 14.0;
				LD_RUNPATH_SEARCH_PATHS = (
					"$(inherited)",
					"@executable_path/Frameworks",
				);
				MARKETING_VERSION = 1.0;
				PRODUCT_BUNDLE_IDENTIFIER = dev.droppinganil.ConnectX;
				PRODUCT_NAME = "$(TARGET_NAME)";
				SWIFT_EMIT_LOC_STRINGS = YES;
				SWIFT_VERSION = 5.0;
				TARGETED_DEVICE_FAMILY = "1,2";
			};
			name = Debug;
		};
		4C6B290D26F6AFE500ABC502 /* Release */ = {
			isa = XCBuildConfiguration;
			buildSettings = {
				ASSETCATALOG_COMPILER_APPICON_NAME = AppIcon;
				ASSETCATALOG_COMPILER_GLOBAL_ACCENT_COLOR_NAME = AccentColor;
				CODE_SIGN_STYLE = Automatic;
				CURRENT_PROJECT_VERSION = 1;
				DEVELOPMENT_ASSET_PATHS = "\"MessageX/Preview Content\"";
				ENABLE_PREVIEWS = YES;
				GENERATE_INFOPLIST_FILE = YES;
				INFOPLIST_FILE = MessageX/Info.plist;
				INFOPLIST_KEY_CFBundleDisplayName = ConnectX;
				INFOPLIST_KEY_UIApplicationSceneManifest_Generation = YES;
				INFOPLIST_KEY_UIApplicationSupportsIndirectInputEvents = YES;
				INFOPLIST_KEY_UILaunchScreen_Generation = YES;
				INFOPLIST_KEY_UISupportedInterfaceOrientations = UIInterfaceOrientationPortrait;
				INFOPLIST_KEY_UISupportedInterfaceOrientations_iPad = "UIInterfaceOrientationPortrait UIInterfaceOrientationPortraitUpsideDown UIInterfaceOrientationLandscapeLeft UIInterfaceOrientationLandscapeRight";
				INFOPLIST_KEY_UISupportedInterfaceOrientations_iPhone = "UIInterfaceOrientationPortrait UIInterfaceOrientationLandscapeLeft UIInterfaceOrientationLandscapeRight";
				IPHONEOS_DEPLOYMENT_TARGET = 14.0;
				LD_RUNPATH_SEARCH_PATHS = (
					"$(inherited)",
					"@executable_path/Frameworks",
				);
				MARKETING_VERSION = 1.0;
				PRODUCT_BUNDLE_IDENTIFIER = dev.droppinganil.ConnectX;
				PRODUCT_NAME = "$(TARGET_NAME)";
				SWIFT_EMIT_LOC_STRINGS = YES;
				SWIFT_VERSION = 5.0;
				TARGETED_DEVICE_FAMILY = "1,2";
			};
			name = Release;
		};
		4C6B290F26F6AFE500ABC502 /* Debug */ = {
			isa = XCBuildConfiguration;
			buildSettings = {
				ALWAYS_EMBED_SWIFT_STANDARD_LIBRARIES = YES;
				BUNDLE_LOADER = "$(TEST_HOST)";
				CODE_SIGN_STYLE = Automatic;
				CURRENT_PROJECT_VERSION = 1;
				GENERATE_INFOPLIST_FILE = YES;
				IPHONEOS_DEPLOYMENT_TARGET = 14.0;
				LD_RUNPATH_SEARCH_PATHS = (
					"$(inherited)",
					"@executable_path/Frameworks",
					"@loader_path/Frameworks",
				);
				MARKETING_VERSION = 1.0;
				PRODUCT_BUNDLE_IDENTIFIER = dev.droppinganil.MessageXTests;
				PRODUCT_NAME = "$(TARGET_NAME)";
				SWIFT_EMIT_LOC_STRINGS = NO;
				SWIFT_VERSION = 5.0;
				TARGETED_DEVICE_FAMILY = "1,2";
				TEST_HOST = "$(BUILT_PRODUCTS_DIR)/ConnectX.app/ConnectX";
			};
			name = Debug;
		};
		4C6B291026F6AFE500ABC502 /* Release */ = {
			isa = XCBuildConfiguration;
			buildSettings = {
				ALWAYS_EMBED_SWIFT_STANDARD_LIBRARIES = YES;
				BUNDLE_LOADER = "$(TEST_HOST)";
				CODE_SIGN_STYLE = Automatic;
				CURRENT_PROJECT_VERSION = 1;
				GENERATE_INFOPLIST_FILE = YES;
				IPHONEOS_DEPLOYMENT_TARGET = 14.0;
				LD_RUNPATH_SEARCH_PATHS = (
					"$(inherited)",
					"@executable_path/Frameworks",
					"@loader_path/Frameworks",
				);
				MARKETING_VERSION = 1.0;
				PRODUCT_BUNDLE_IDENTIFIER = dev.droppinganil.MessageXTests;
				PRODUCT_NAME = "$(TARGET_NAME)";
				SWIFT_EMIT_LOC_STRINGS = NO;
				SWIFT_VERSION = 5.0;
				TARGETED_DEVICE_FAMILY = "1,2";
				TEST_HOST = "$(BUILT_PRODUCTS_DIR)/ConnectX.app/ConnectX";
			};
			name = Release;
		};
		4C6B291226F6AFE500ABC502 /* Debug */ = {
			isa = XCBuildConfiguration;
			buildSettings = {
				ALWAYS_EMBED_SWIFT_STANDARD_LIBRARIES = YES;
				CODE_SIGN_STYLE = Automatic;
				CURRENT_PROJECT_VERSION = 1;
				GENERATE_INFOPLIST_FILE = YES;
				LD_RUNPATH_SEARCH_PATHS = (
					"$(inherited)",
					"@executable_path/Frameworks",
					"@loader_path/Frameworks",
				);
				MARKETING_VERSION = 1.0;
				PRODUCT_BUNDLE_IDENTIFIER = dev.droppinganil.MessageXUITests;
				PRODUCT_NAME = "$(TARGET_NAME)";
				SWIFT_EMIT_LOC_STRINGS = NO;
				SWIFT_VERSION = 5.0;
				TARGETED_DEVICE_FAMILY = "1,2";
				TEST_TARGET_NAME = MessageX;
			};
			name = Debug;
		};
		4C6B291326F6AFE500ABC502 /* Release */ = {
			isa = XCBuildConfiguration;
			buildSettings = {
				ALWAYS_EMBED_SWIFT_STANDARD_LIBRARIES = YES;
				CODE_SIGN_STYLE = Automatic;
				CURRENT_PROJECT_VERSION = 1;
				GENERATE_INFOPLIST_FILE = YES;
				LD_RUNPATH_SEARCH_PATHS = (
					"$(inherited)",
					"@executable_path/Frameworks",
					"@loader_path/Frameworks",
				);
				MARKETING_VERSION = 1.0;
				PRODUCT_BUNDLE_IDENTIFIER = dev.droppinganil.MessageXUITests;
				PRODUCT_NAME = "$(TARGET_NAME)";
				SWIFT_EMIT_LOC_STRINGS = NO;
				SWIFT_VERSION = 5.0;
				TARGETED_DEVICE_FAMILY = "1,2";
				TEST_TARGET_NAME = MessageX;
			};
			name = Release;
		};
/* End XCBuildConfiguration section */

/* Begin XCConfigurationList section */
		4C6B28E226F6AFE100ABC502 /* Build configuration list for PBXProject "ConnectX" */ = {
			isa = XCConfigurationList;
			buildConfigurations = (
				4C6B290926F6AFE500ABC502 /* Debug */,
				4C6B290A26F6AFE500ABC502 /* Release */,
			);
			defaultConfigurationIsVisible = 0;
			defaultConfigurationName = Release;
		};
		4C6B290B26F6AFE500ABC502 /* Build configuration list for PBXNativeTarget "ConnectX" */ = {
			isa = XCConfigurationList;
			buildConfigurations = (
				4C6B290C26F6AFE500ABC502 /* Debug */,
				4C6B290D26F6AFE500ABC502 /* Release */,
			);
			defaultConfigurationIsVisible = 0;
			defaultConfigurationName = Release;
		};
		4C6B290E26F6AFE500ABC502 /* Build configuration list for PBXNativeTarget "ConnectXTests" */ = {
			isa = XCConfigurationList;
			buildConfigurations = (
				4C6B290F26F6AFE500ABC502 /* Debug */,
				4C6B291026F6AFE500ABC502 /* Release */,
			);
			defaultConfigurationIsVisible = 0;
			defaultConfigurationName = Release;
		};
		4C6B291126F6AFE500ABC502 /* Build configuration list for PBXNativeTarget "ConnectXUITests" */ = {
			isa = XCConfigurationList;
			buildConfigurations = (
				4C6B291226F6AFE500ABC502 /* Debug */,
				4C6B291326F6AFE500ABC502 /* Release */,
			);
			defaultConfigurationIsVisible = 0;
			defaultConfigurationName = Release;
		};
/* End XCConfigurationList section */
	};
	rootObject = 4C6B28DF26F6AFE100ABC502 /* Project object */;
}
